// !$*UTF8*$!
{
	archiveVersion = 1;
	classes = {
	};
	objectVersion = 55;
	objects = {

/* Begin PBXBuildFile section */
		093900022877079500F04054 /* Inter-ExtraBold.ttf in Resources */ = {isa = PBXBuildFile; fileRef = 0939FFF92877079500F04054 /* Inter-ExtraBold.ttf */; };
		093900032877079500F04054 /* Inter-Light.ttf in Resources */ = {isa = PBXBuildFile; fileRef = 0939FFFA2877079500F04054 /* Inter-Light.ttf */; };
		093900042877079500F04054 /* Inter-Bold.ttf in Resources */ = {isa = PBXBuildFile; fileRef = 0939FFFB2877079500F04054 /* Inter-Bold.ttf */; };
		093900052877079500F04054 /* Inter-SemiBold.ttf in Resources */ = {isa = PBXBuildFile; fileRef = 0939FFFC2877079500F04054 /* Inter-SemiBold.ttf */; };
		093900062877079500F04054 /* Inter-ExtraLight.ttf in Resources */ = {isa = PBXBuildFile; fileRef = 0939FFFD2877079500F04054 /* Inter-ExtraLight.ttf */; };
		093900072877079500F04054 /* Inter-Medium.ttf in Resources */ = {isa = PBXBuildFile; fileRef = 0939FFFE2877079500F04054 /* Inter-Medium.ttf */; };
		093900082877079500F04054 /* Inter-Regular.ttf in Resources */ = {isa = PBXBuildFile; fileRef = 0939FFFF2877079500F04054 /* Inter-Regular.ttf */; };
		093900092877079500F04054 /* Inter-Thin.ttf in Resources */ = {isa = PBXBuildFile; fileRef = 093900002877079500F04054 /* Inter-Thin.ttf */; };
		0939000A2877079500F04054 /* Inter-Black.ttf in Resources */ = {isa = PBXBuildFile; fileRef = 093900012877079500F04054 /* Inter-Black.ttf */; };
		0939FF932876E40700F04054 /* home.swift in Sources */ = {isa = PBXBuildFile; fileRef = 0939FF922876E40700F04054 /* home.swift */; };
		0939FFE52877075F00F04054 /* Gilroy-Heavy.ttf in Resources */ = {isa = PBXBuildFile; fileRef = 0939FFD12877075E00F04054 /* Gilroy-Heavy.ttf */; };
		0939FFE62877075F00F04054 /* Gilroy-ExtraBoldItalic.ttf in Resources */ = {isa = PBXBuildFile; fileRef = 0939FFD22877075E00F04054 /* Gilroy-ExtraBoldItalic.ttf */; };
		0939FFE72877075F00F04054 /* Gilroy-Black.ttf in Resources */ = {isa = PBXBuildFile; fileRef = 0939FFD32877075E00F04054 /* Gilroy-Black.ttf */; };
		0939FFE82877075F00F04054 /* Gilroy-Light.ttf in Resources */ = {isa = PBXBuildFile; fileRef = 0939FFD42877075E00F04054 /* Gilroy-Light.ttf */; };
		0939FFE92877075F00F04054 /* Gilroy-Thin.ttf in Resources */ = {isa = PBXBuildFile; fileRef = 0939FFD52877075F00F04054 /* Gilroy-Thin.ttf */; };
		0939FFEA2877075F00F04054 /* Gilroy-BlackItalic.ttf in Resources */ = {isa = PBXBuildFile; fileRef = 0939FFD62877075F00F04054 /* Gilroy-BlackItalic.ttf */; };
		0939FFEB2877075F00F04054 /* Gilroy-Medium.ttf in Resources */ = {isa = PBXBuildFile; fileRef = 0939FFD72877075F00F04054 /* Gilroy-Medium.ttf */; };
		0939FFEC2877075F00F04054 /* Gilroy-UltraLightItalic.ttf in Resources */ = {isa = PBXBuildFile; fileRef = 0939FFD82877075F00F04054 /* Gilroy-UltraLightItalic.ttf */; };
		0939FFED2877075F00F04054 /* Gilroy-Regular.ttf in Resources */ = {isa = PBXBuildFile; fileRef = 0939FFD92877075F00F04054 /* Gilroy-Regular.ttf */; };
		0939FFEE2877075F00F04054 /* Gilroy-HeavyItalic.ttf in Resources */ = {isa = PBXBuildFile; fileRef = 0939FFDA2877075F00F04054 /* Gilroy-HeavyItalic.ttf */; };
		0939FFEF2877075F00F04054 /* Gilroy-ThinItalic.ttf in Resources */ = {isa = PBXBuildFile; fileRef = 0939FFDB2877075F00F04054 /* Gilroy-ThinItalic.ttf */; };
		0939FFF02877075F00F04054 /* Gilroy-ExtraBold.ttf in Resources */ = {isa = PBXBuildFile; fileRef = 0939FFDC2877075F00F04054 /* Gilroy-ExtraBold.ttf */; };
		0939FFF12877075F00F04054 /* Gilroy-Bold.ttf in Resources */ = {isa = PBXBuildFile; fileRef = 0939FFDD2877075F00F04054 /* Gilroy-Bold.ttf */; };
		0939FFF22877075F00F04054 /* Gilroy-SemiBold.ttf in Resources */ = {isa = PBXBuildFile; fileRef = 0939FFDE2877075F00F04054 /* Gilroy-SemiBold.ttf */; };
		0939FFF32877075F00F04054 /* Gilroy-MediumItalic.ttf in Resources */ = {isa = PBXBuildFile; fileRef = 0939FFDF2877075F00F04054 /* Gilroy-MediumItalic.ttf */; };
		0939FFF42877075F00F04054 /* Gilroy-BoldItalic.ttf in Resources */ = {isa = PBXBuildFile; fileRef = 0939FFE02877075F00F04054 /* Gilroy-BoldItalic.ttf */; };
		0939FFF52877075F00F04054 /* Gilroy-RegularItalic.ttf in Resources */ = {isa = PBXBuildFile; fileRef = 0939FFE12877075F00F04054 /* Gilroy-RegularItalic.ttf */; };
		0939FFF62877075F00F04054 /* Gilroy-SemiBoldItalic.ttf in Resources */ = {isa = PBXBuildFile; fileRef = 0939FFE22877075F00F04054 /* Gilroy-SemiBoldItalic.ttf */; };
		0939FFF72877075F00F04054 /* Gilroy-UltraLight.ttf in Resources */ = {isa = PBXBuildFile; fileRef = 0939FFE32877075F00F04054 /* Gilroy-UltraLight.ttf */; };
		0939FFF82877075F00F04054 /* Gilroy-LightItalic.ttf in Resources */ = {isa = PBXBuildFile; fileRef = 0939FFE42877075F00F04054 /* Gilroy-LightItalic.ttf */; };
		09A02D0E28759A6400B980BD /* aisle_assignmentApp.swift in Sources */ = {isa = PBXBuildFile; fileRef = 09A02D0D28759A6400B980BD /* aisle_assignmentApp.swift */; };
		09A02D1028759A6400B980BD /* ContentView.swift in Sources */ = {isa = PBXBuildFile; fileRef = 09A02D0F28759A6400B980BD /* ContentView.swift */; };
		09A02D1228759A6700B980BD /* Assets.xcassets in Resources */ = {isa = PBXBuildFile; fileRef = 09A02D1128759A6700B980BD /* Assets.xcassets */; };
		09A02D1528759A6700B980BD /* Preview Assets.xcassets in Resources */ = {isa = PBXBuildFile; fileRef = 09A02D1428759A6700B980BD /* Preview Assets.xcassets */; };
		09A02D2328759B7E00B980BD /* ApiManager.swift in Sources */ = {isa = PBXBuildFile; fileRef = 09A02D2228759B7E00B980BD /* ApiManager.swift */; };
		09A02D2A28759C0000B980BD /* phone_number.swift in Sources */ = {isa = PBXBuildFile; fileRef = 09A02D2928759C0000B980BD /* phone_number.swift */; };
		09A02D2C28759C2300B980BD /* otp_screen.swift in Sources */ = {isa = PBXBuildFile; fileRef = 09A02D2B28759C2300B980BD /* otp_screen.swift */; };
		09A02D2E28759C8400B980BD /* notes_screen.swift in Sources */ = {isa = PBXBuildFile; fileRef = 09A02D2D28759C8400B980BD /* notes_screen.swift */; };
		09A02D3028759D0B00B980BD /* tab_pages.swift in Sources */ = {isa = PBXBuildFile; fileRef = 09A02D2F28759D0B00B980BD /* tab_pages.swift */; };
		09A02D3228759D2400B980BD /* Extension.swift in Sources */ = {isa = PBXBuildFile; fileRef = 09A02D3128759D2400B980BD /* Extension.swift */; };
		09A02D3628759DC000B980BD /* tab_bar.swift in Sources */ = {isa = PBXBuildFile; fileRef = 09A02D3528759DC000B980BD /* tab_bar.swift */; };
		09A02D382875A18A00B980BD /* WebService.swift in Sources */ = {isa = PBXBuildFile; fileRef = 09A02D372875A18A00B980BD /* WebService.swift */; };
		09A02D3A2875A5EF00B980BD /* auth_viewmodel.swift in Sources */ = {isa = PBXBuildFile; fileRef = 09A02D392875A5EF00B980BD /* auth_viewmodel.swift */; };
		09A02D3C2875A73E00B980BD /* auth.swift in Sources */ = {isa = PBXBuildFile; fileRef = 09A02D3B2875A73E00B980BD /* auth.swift */; };
		1EC8AE1D1749D3AB6A079DDF /* Pods_aisle_assignment.framework in Frameworks */ = {isa = PBXBuildFile; fileRef = BB83B37905FB0BE3F2A38D59 /* Pods_aisle_assignment.framework */; };
/* End PBXBuildFile section */

/* Begin PBXFileReference section */
		093900002877079500F04054 /* Inter-Thin.ttf */ = {isa = PBXFileReference; lastKnownFileType = file; path = "Inter-Thin.ttf"; sourceTree = "<group>"; };
		093900012877079500F04054 /* Inter-Black.ttf */ = {isa = PBXFileReference; lastKnownFileType = file; path = "Inter-Black.ttf"; sourceTree = "<group>"; };
		0939FF902876DFB000F04054 /* Info.plist */ = {isa = PBXFileReference; lastKnownFileType = text.plist.xml; path = Info.plist; sourceTree = "<group>"; };
		0939FF922876E40700F04054 /* home.swift */ = {isa = PBXFileReference; lastKnownFileType = sourcecode.swift; path = home.swift; sourceTree = "<group>"; };
		0939FFD12877075E00F04054 /* Gilroy-Heavy.ttf */ = {isa = PBXFileReference; lastKnownFileType = file; path = "Gilroy-Heavy.ttf"; sourceTree = "<group>"; };
		0939FFD22877075E00F04054 /* Gilroy-ExtraBoldItalic.ttf */ = {isa = PBXFileReference; lastKnownFileType = file; path = "Gilroy-ExtraBoldItalic.ttf"; sourceTree = "<group>"; };
		0939FFD32877075E00F04054 /* Gilroy-Black.ttf */ = {isa = PBXFileReference; lastKnownFileType = file; path = "Gilroy-Black.ttf"; sourceTree = "<group>"; };
		0939FFD42877075E00F04054 /* Gilroy-Light.ttf */ = {isa = PBXFileReference; lastKnownFileType = file; path = "Gilroy-Light.ttf"; sourceTree = "<group>"; };
		0939FFD52877075F00F04054 /* Gilroy-Thin.ttf */ = {isa = PBXFileReference; lastKnownFileType = file; path = "Gilroy-Thin.ttf"; sourceTree = "<group>"; };
		0939FFD62877075F00F04054 /* Gilroy-BlackItalic.ttf */ = {isa = PBXFileReference; lastKnownFileType = file; path = "Gilroy-BlackItalic.ttf"; sourceTree = "<group>"; };
		0939FFD72877075F00F04054 /* Gilroy-Medium.ttf */ = {isa = PBXFileReference; lastKnownFileType = file; path = "Gilroy-Medium.ttf"; sourceTree = "<group>"; };
		0939FFD82877075F00F04054 /* Gilroy-UltraLightItalic.ttf */ = {isa = PBXFileReference; lastKnownFileType = file; path = "Gilroy-UltraLightItalic.ttf"; sourceTree = "<group>"; };
		0939FFD92877075F00F04054 /* Gilroy-Regular.ttf */ = {isa = PBXFileReference; lastKnownFileType = file; path = "Gilroy-Regular.ttf"; sourceTree = "<group>"; };
		0939FFDA2877075F00F04054 /* Gilroy-HeavyItalic.ttf */ = {isa = PBXFileReference; lastKnownFileType = file; path = "Gilroy-HeavyItalic.ttf"; sourceTree = "<group>"; };
		0939FFDB2877075F00F04054 /* Gilroy-ThinItalic.ttf */ = {isa = PBXFileReference; lastKnownFileType = file; path = "Gilroy-ThinItalic.ttf"; sourceTree = "<group>"; };
		0939FFDC2877075F00F04054 /* Gilroy-ExtraBold.ttf */ = {isa = PBXFileReference; lastKnownFileType = file; path = "Gilroy-ExtraBold.ttf"; sourceTree = "<group>"; };
		0939FFDD2877075F00F04054 /* Gilroy-Bold.ttf */ = {isa = PBXFileReference; lastKnownFileType = file; path = "Gilroy-Bold.ttf"; sourceTree = "<group>"; };
		0939FFDE2877075F00F04054 /* Gilroy-SemiBold.ttf */ = {isa = PBXFileReference; lastKnownFileType = file; path = "Gilroy-SemiBold.ttf"; sourceTree = "<group>"; };
		0939FFDF2877075F00F04054 /* Gilroy-MediumItalic.ttf */ = {isa = PBXFileReference; lastKnownFileType = file; path = "Gilroy-MediumItalic.ttf"; sourceTree = "<group>"; };
		0939FFE02877075F00F04054 /* Gilroy-BoldItalic.ttf */ = {isa = PBXFileReference; lastKnownFileType = file; path = "Gilroy-BoldItalic.ttf"; sourceTree = "<group>"; };
		0939FFE12877075F00F04054 /* Gilroy-RegularItalic.ttf */ = {isa = PBXFileReference; lastKnownFileType = file; path = "Gilroy-RegularItalic.ttf"; sourceTree = "<group>"; };
		0939FFE22877075F00F04054 /* Gilroy-SemiBoldItalic.ttf */ = {isa = PBXFileReference; lastKnownFileType = file; path = "Gilroy-SemiBoldItalic.ttf"; sourceTree = "<group>"; };
		0939FFE32877075F00F04054 /* Gilroy-UltraLight.ttf */ = {isa = PBXFileReference; lastKnownFileType = file; path = "Gilroy-UltraLight.ttf"; sourceTree = "<group>"; };
		0939FFE42877075F00F04054 /* Gilroy-LightItalic.ttf */ = {isa = PBXFileReference; lastKnownFileType = file; path = "Gilroy-LightItalic.ttf"; sourceTree = "<group>"; };
		0939FFF92877079500F04054 /* Inter-ExtraBold.ttf */ = {isa = PBXFileReference; lastKnownFileType = file; path = "Inter-ExtraBold.ttf"; sourceTree = "<group>"; };
		0939FFFA2877079500F04054 /* Inter-Light.ttf */ = {isa = PBXFileReference; lastKnownFileType = file; path = "Inter-Light.ttf"; sourceTree = "<group>"; };
		0939FFFB2877079500F04054 /* Inter-Bold.ttf */ = {isa = PBXFileReference; lastKnownFileType = file; path = "Inter-Bold.ttf"; sourceTree = "<group>"; };
		0939FFFC2877079500F04054 /* Inter-SemiBold.ttf */ = {isa = PBXFileReference; lastKnownFileType = file; path = "Inter-SemiBold.ttf"; sourceTree = "<group>"; };
		0939FFFD2877079500F04054 /* Inter-ExtraLight.ttf */ = {isa = PBXFileReference; lastKnownFileType = file; path = "Inter-ExtraLight.ttf"; sourceTree = "<group>"; };
		0939FFFE2877079500F04054 /* Inter-Medium.ttf */ = {isa = PBXFileReference; lastKnownFileType = file; path = "Inter-Medium.ttf"; sourceTree = "<group>"; };
		0939FFFF2877079500F04054 /* Inter-Regular.ttf */ = {isa = PBXFileReference; lastKnownFileType = file; path = "Inter-Regular.ttf"; sourceTree = "<group>"; };
		09A02D0A28759A6400B980BD /* aisle-assignment.app */ = {isa = PBXFileReference; explicitFileType = wrapper.application; includeInIndex = 0; path = "aisle-assignment.app"; sourceTree = BUILT_PRODUCTS_DIR; };
		09A02D0D28759A6400B980BD /* aisle_assignmentApp.swift */ = {isa = PBXFileReference; lastKnownFileType = sourcecode.swift; path = aisle_assignmentApp.swift; sourceTree = "<group>"; };
		09A02D0F28759A6400B980BD /* ContentView.swift */ = {isa = PBXFileReference; lastKnownFileType = sourcecode.swift; path = ContentView.swift; sourceTree = "<group>"; };
		09A02D1128759A6700B980BD /* Assets.xcassets */ = {isa = PBXFileReference; lastKnownFileType = folder.assetcatalog; path = Assets.xcassets; sourceTree = "<group>"; };
		09A02D1428759A6700B980BD /* Preview Assets.xcassets */ = {isa = PBXFileReference; lastKnownFileType = folder.assetcatalog; path = "Preview Assets.xcassets"; sourceTree = "<group>"; };
		09A02D2228759B7E00B980BD /* ApiManager.swift */ = {isa = PBXFileReference; lastKnownFileType = sourcecode.swift; path = ApiManager.swift; sourceTree = "<group>"; };
		09A02D2928759C0000B980BD /* phone_number.swift */ = {isa = PBXFileReference; lastKnownFileType = sourcecode.swift; path = phone_number.swift; sourceTree = "<group>"; };
		09A02D2B28759C2300B980BD /* otp_screen.swift */ = {isa = PBXFileReference; lastKnownFileType = sourcecode.swift; path = otp_screen.swift; sourceTree = "<group>"; };
		09A02D2D28759C8400B980BD /* notes_screen.swift */ = {isa = PBXFileReference; lastKnownFileType = sourcecode.swift; path = notes_screen.swift; sourceTree = "<group>"; };
		09A02D2F28759D0B00B980BD /* tab_pages.swift */ = {isa = PBXFileReference; lastKnownFileType = sourcecode.swift; path = tab_pages.swift; sourceTree = "<group>"; };
		09A02D3128759D2400B980BD /* Extension.swift */ = {isa = PBXFileReference; lastKnownFileType = sourcecode.swift; path = Extension.swift; sourceTree = "<group>"; };
		09A02D3528759DC000B980BD /* tab_bar.swift */ = {isa = PBXFileReference; lastKnownFileType = sourcecode.swift; path = tab_bar.swift; sourceTree = "<group>"; };
		09A02D372875A18A00B980BD /* WebService.swift */ = {isa = PBXFileReference; lastKnownFileType = sourcecode.swift; path = WebService.swift; sourceTree = "<group>"; };
		09A02D392875A5EF00B980BD /* auth_viewmodel.swift */ = {isa = PBXFileReference; lastKnownFileType = sourcecode.swift; path = auth_viewmodel.swift; sourceTree = "<group>"; };
		09A02D3B2875A73E00B980BD /* auth.swift */ = {isa = PBXFileReference; lastKnownFileType = sourcecode.swift; path = auth.swift; sourceTree = "<group>"; };
		265970B73EB02B7AD32DD958 /* Pods-aisle-assignment.release.xcconfig */ = {isa = PBXFileReference; includeInIndex = 1; lastKnownFileType = text.xcconfig; name = "Pods-aisle-assignment.release.xcconfig"; path = "Target Support Files/Pods-aisle-assignment/Pods-aisle-assignment.release.xcconfig"; sourceTree = "<group>"; };
		3DA2044695CA4552527E72A9 /* Pods-aisle-assignment.debug.xcconfig */ = {isa = PBXFileReference; includeInIndex = 1; lastKnownFileType = text.xcconfig; name = "Pods-aisle-assignment.debug.xcconfig"; path = "Target Support Files/Pods-aisle-assignment/Pods-aisle-assignment.debug.xcconfig"; sourceTree = "<group>"; };
		BB83B37905FB0BE3F2A38D59 /* Pods_aisle_assignment.framework */ = {isa = PBXFileReference; explicitFileType = wrapper.framework; includeInIndex = 0; path = Pods_aisle_assignment.framework; sourceTree = BUILT_PRODUCTS_DIR; };
/* End PBXFileReference section */

/* Begin PBXFrameworksBuildPhase section */
		09A02D0728759A6400B980BD /* Frameworks */ = {
			isa = PBXFrameworksBuildPhase;
			buildActionMask = 2147483647;
			files = (
				1EC8AE1D1749D3AB6A079DDF /* Pods_aisle_assignment.framework in Frameworks */,
			);
			runOnlyForDeploymentPostprocessing = 0;
		};
/* End PBXFrameworksBuildPhase section */

/* Begin PBXGroup section */
		0939FF872876DEC500F04054 /* fonts */ = {
			isa = PBXGroup;
			children = (
				093900012877079500F04054 /* Inter-Black.ttf */,
				0939FFFB2877079500F04054 /* Inter-Bold.ttf */,
				0939FFF92877079500F04054 /* Inter-ExtraBold.ttf */,
				0939FFFD2877079500F04054 /* Inter-ExtraLight.ttf */,
				0939FFFA2877079500F04054 /* Inter-Light.ttf */,
				0939FFFE2877079500F04054 /* Inter-Medium.ttf */,
				0939FFFF2877079500F04054 /* Inter-Regular.ttf */,
				0939FFFC2877079500F04054 /* Inter-SemiBold.ttf */,
				093900002877079500F04054 /* Inter-Thin.ttf */,
				0939FFD32877075E00F04054 /* Gilroy-Black.ttf */,
				0939FFD62877075F00F04054 /* Gilroy-BlackItalic.ttf */,
				0939FFDD2877075F00F04054 /* Gilroy-Bold.ttf */,
				0939FFE02877075F00F04054 /* Gilroy-BoldItalic.ttf */,
				0939FFDC2877075F00F04054 /* Gilroy-ExtraBold.ttf */,
				0939FFD22877075E00F04054 /* Gilroy-ExtraBoldItalic.ttf */,
				0939FFD12877075E00F04054 /* Gilroy-Heavy.ttf */,
				0939FFDA2877075F00F04054 /* Gilroy-HeavyItalic.ttf */,
				0939FFD42877075E00F04054 /* Gilroy-Light.ttf */,
				0939FFE42877075F00F04054 /* Gilroy-LightItalic.ttf */,
				0939FFD72877075F00F04054 /* Gilroy-Medium.ttf */,
				0939FFDF2877075F00F04054 /* Gilroy-MediumItalic.ttf */,
				0939FFD92877075F00F04054 /* Gilroy-Regular.ttf */,
				0939FFE12877075F00F04054 /* Gilroy-RegularItalic.ttf */,
				0939FFDE2877075F00F04054 /* Gilroy-SemiBold.ttf */,
				0939FFE22877075F00F04054 /* Gilroy-SemiBoldItalic.ttf */,
				0939FFD52877075F00F04054 /* Gilroy-Thin.ttf */,
				0939FFDB2877075F00F04054 /* Gilroy-ThinItalic.ttf */,
				0939FFE32877075F00F04054 /* Gilroy-UltraLight.ttf */,
				0939FFD82877075F00F04054 /* Gilroy-UltraLightItalic.ttf */,
			);
			path = fonts;
			sourceTree = "<group>";
		};
		09A02D0128759A6400B980BD = {
			isa = PBXGroup;
			children = (
				0939FF902876DFB000F04054 /* Info.plist */,
				0939FF872876DEC500F04054 /* fonts */,
				09A02D0C28759A6400B980BD /* aisle-assignment */,
				09A02D0B28759A6400B980BD /* Products */,
				36FA3811D3AC71092F8CBA59 /* Pods */,
				9E7DD0A405DC0A60258758A8 /* Frameworks */,
			);
			sourceTree = "<group>";
		};
		09A02D0B28759A6400B980BD /* Products */ = {
			isa = PBXGroup;
			children = (
				09A02D0A28759A6400B980BD /* aisle-assignment.app */,
			);
			name = Products;
			sourceTree = "<group>";
		};
		09A02D0C28759A6400B980BD /* aisle-assignment */ = {
			isa = PBXGroup;
			children = (
				09A02D2128759B6900B980BD /* utils */,
				09A02D1C28759A9E00B980BD /* views */,
				09A02D0D28759A6400B980BD /* aisle_assignmentApp.swift */,
				09A02D0F28759A6400B980BD /* ContentView.swift */,
				09A02D1128759A6700B980BD /* Assets.xcassets */,
				09A02D1328759A6700B980BD /* Preview Content */,
			);
			path = "aisle-assignment";
			sourceTree = "<group>";
		};
		09A02D1328759A6700B980BD /* Preview Content */ = {
			isa = PBXGroup;
			children = (
				09A02D1428759A6700B980BD /* Preview Assets.xcassets */,
			);
			path = "Preview Content";
			sourceTree = "<group>";
		};
		09A02D1C28759A9E00B980BD /* views */ = {
			isa = PBXGroup;
			children = (
				09A02D2528759B9900B980BD /* home */,
				09A02D2428759B8C00B980BD /* components */,
				09A02D1D28759B3400B980BD /* auth */,
			);
			path = views;
			sourceTree = "<group>";
		};
		09A02D1D28759B3400B980BD /* auth */ = {
			isa = PBXGroup;
			children = (
				09A02D2028759B4600B980BD /* viewmodels */,
				09A02D1F28759B4100B980BD /* views */,
				09A02D1E28759B3900B980BD /* models */,
			);
			path = auth;
			sourceTree = "<group>";
		};
		09A02D1E28759B3900B980BD /* models */ = {
			isa = PBXGroup;
			children = (
				09A02D3B2875A73E00B980BD /* auth.swift */,
			);
			path = models;
			sourceTree = "<group>";
		};
		09A02D1F28759B4100B980BD /* views */ = {
			isa = PBXGroup;
			children = (
				09A02D2928759C0000B980BD /* phone_number.swift */,
				09A02D2B28759C2300B980BD /* otp_screen.swift */,
			);
			path = views;
			sourceTree = "<group>";
		};
		09A02D2028759B4600B980BD /* viewmodels */ = {
			isa = PBXGroup;
			children = (
				09A02D392875A5EF00B980BD /* auth_viewmodel.swift */,
			);
			path = viewmodels;
			sourceTree = "<group>";
		};
		09A02D2128759B6900B980BD /* utils */ = {
			isa = PBXGroup;
			children = (
				09A02D2228759B7E00B980BD /* ApiManager.swift */,
				09A02D3128759D2400B980BD /* Extension.swift */,
				09A02D372875A18A00B980BD /* WebService.swift */,
			);
			path = utils;
			sourceTree = "<group>";
		};
		09A02D2428759B8C00B980BD /* components */ = {
			isa = PBXGroup;
			children = (
				09A02D3428759DA500B980BD /* platform */,
				09A02D3328759D9D00B980BD /* common */,
			);
			path = components;
			sourceTree = "<group>";
		};
		09A02D2528759B9900B980BD /* home */ = {
			isa = PBXGroup;
			children = (
				09A02D2828759BB400B980BD /* viewmodels */,
				09A02D2728759BB000B980BD /* views */,
				09A02D2628759BA800B980BD /* models */,
			);
			path = home;
			sourceTree = "<group>";
		};
		09A02D2628759BA800B980BD /* models */ = {
			isa = PBXGroup;
			children = (
			);
			path = models;
			sourceTree = "<group>";
		};
		09A02D2728759BB000B980BD /* views */ = {
			isa = PBXGroup;
			children = (
				09A02D2D28759C8400B980BD /* notes_screen.swift */,
			);
			path = views;
			sourceTree = "<group>";
		};
		09A02D2828759BB400B980BD /* viewmodels */ = {
			isa = PBXGroup;
			children = (
				0939FF922876E40700F04054 /* home.swift */,
			);
			path = viewmodels;
			sourceTree = "<group>";
		};
		09A02D3328759D9D00B980BD /* common */ = {
			isa = PBXGroup;
			children = (
				09A02D3528759DC000B980BD /* tab_bar.swift */,
			);
			path = common;
			sourceTree = "<group>";
		};
		09A02D3428759DA500B980BD /* platform */ = {
			isa = PBXGroup;
			children = (
				09A02D2F28759D0B00B980BD /* tab_pages.swift */,
			);
			path = platform;
			sourceTree = "<group>";
		};
		36FA3811D3AC71092F8CBA59 /* Pods */ = {
			isa = PBXGroup;
			children = (
				3DA2044695CA4552527E72A9 /* Pods-aisle-assignment.debug.xcconfig */,
				265970B73EB02B7AD32DD958 /* Pods-aisle-assignment.release.xcconfig */,
			);
			path = Pods;
			sourceTree = "<group>";
		};
		9E7DD0A405DC0A60258758A8 /* Frameworks */ = {
			isa = PBXGroup;
			children = (
				BB83B37905FB0BE3F2A38D59 /* Pods_aisle_assignment.framework */,
			);
			name = Frameworks;
			sourceTree = "<group>";
		};
/* End PBXGroup section */

/* Begin PBXNativeTarget section */
		09A02D0928759A6400B980BD /* aisle-assignment */ = {
			isa = PBXNativeTarget;
			buildConfigurationList = 09A02D1828759A6700B980BD /* Build configuration list for PBXNativeTarget "aisle-assignment" */;
			buildPhases = (
				020EFA627C1C422048808DC1 /* [CP] Check Pods Manifest.lock */,
				09A02D0628759A6400B980BD /* Sources */,
				09A02D0728759A6400B980BD /* Frameworks */,
				09A02D0828759A6400B980BD /* Resources */,
				08AEC89797BFE5FB4F906CEA /* [CP] Embed Pods Frameworks */,
			);
			buildRules = (
			);
			dependencies = (
			);
			name = "aisle-assignment";
			productName = "aisle-assignment";
			productReference = 09A02D0A28759A6400B980BD /* aisle-assignment.app */;
			productType = "com.apple.product-type.application";
		};
/* End PBXNativeTarget section */

/* Begin PBXProject section */
		09A02D0228759A6400B980BD /* Project object */ = {
			isa = PBXProject;
			attributes = {
				BuildIndependentTargetsInParallel = 1;
				LastSwiftUpdateCheck = 1340;
				LastUpgradeCheck = 1340;
				TargetAttributes = {
					09A02D0928759A6400B980BD = {
						CreatedOnToolsVersion = 13.4.1;
					};
				};
			};
			buildConfigurationList = 09A02D0528759A6400B980BD /* Build configuration list for PBXProject "aisle-assignment" */;
			compatibilityVersion = "Xcode 13.0";
			developmentRegion = en;
			hasScannedForEncodings = 0;
			knownRegions = (
				en,
				Base,
			);
			mainGroup = 09A02D0128759A6400B980BD;
			productRefGroup = 09A02D0B28759A6400B980BD /* Products */;
			projectDirPath = "";
			projectRoot = "";
			targets = (
				09A02D0928759A6400B980BD /* aisle-assignment */,
			);
		};
/* End PBXProject section */

/* Begin PBXResourcesBuildPhase section */
		09A02D0828759A6400B980BD /* Resources */ = {
			isa = PBXResourcesBuildPhase;
			buildActionMask = 2147483647;
			files = (
				0939FFF82877075F00F04054 /* Gilroy-LightItalic.ttf in Resources */,
				0939FFE72877075F00F04054 /* Gilroy-Black.ttf in Resources */,
				0939FFE92877075F00F04054 /* Gilroy-Thin.ttf in Resources */,
				093900062877079500F04054 /* Inter-ExtraLight.ttf in Resources */,
				093900052877079500F04054 /* Inter-SemiBold.ttf in Resources */,
				0939FFEE2877075F00F04054 /* Gilroy-HeavyItalic.ttf in Resources */,
				0939FFF52877075F00F04054 /* Gilroy-RegularItalic.ttf in Resources */,
				0939FFEC2877075F00F04054 /* Gilroy-UltraLightItalic.ttf in Resources */,
				093900072877079500F04054 /* Inter-Medium.ttf in Resources */,
				0939FFE52877075F00F04054 /* Gilroy-Heavy.ttf in Resources */,
				0939FFF42877075F00F04054 /* Gilroy-BoldItalic.ttf in Resources */,
				0939FFE62877075F00F04054 /* Gilroy-ExtraBoldItalic.ttf in Resources */,
				09A02D1528759A6700B980BD /* Preview Assets.xcassets in Resources */,
				093900022877079500F04054 /* Inter-ExtraBold.ttf in Resources */,
				0939FFF62877075F00F04054 /* Gilroy-SemiBoldItalic.ttf in Resources */,
				093900082877079500F04054 /* Inter-Regular.ttf in Resources */,
				0939FFED2877075F00F04054 /* Gilroy-Regular.ttf in Resources */,
				0939FFF22877075F00F04054 /* Gilroy-SemiBold.ttf in Resources */,
				0939FFEF2877075F00F04054 /* Gilroy-ThinItalic.ttf in Resources */,
				093900042877079500F04054 /* Inter-Bold.ttf in Resources */,
				0939FFF72877075F00F04054 /* Gilroy-UltraLight.ttf in Resources */,
				0939FFF32877075F00F04054 /* Gilroy-MediumItalic.ttf in Resources */,
				0939000A2877079500F04054 /* Inter-Black.ttf in Resources */,
				0939FFE82877075F00F04054 /* Gilroy-Light.ttf in Resources */,
				0939FFEB2877075F00F04054 /* Gilroy-Medium.ttf in Resources */,
				093900032877079500F04054 /* Inter-Light.ttf in Resources */,
				0939FFF02877075F00F04054 /* Gilroy-ExtraBold.ttf in Resources */,
				0939FFEA2877075F00F04054 /* Gilroy-BlackItalic.ttf in Resources */,
				09A02D1228759A6700B980BD /* Assets.xcassets in Resources */,
				0939FFF12877075F00F04054 /* Gilroy-Bold.ttf in Resources */,
				093900092877079500F04054 /* Inter-Thin.ttf in Resources */,
			);
			runOnlyForDeploymentPostprocessing = 0;
		};
/* End PBXResourcesBuildPhase section */

/* Begin PBXShellScriptBuildPhase section */
		020EFA627C1C422048808DC1 /* [CP] Check Pods Manifest.lock */ = {
			isa = PBXShellScriptBuildPhase;
			buildActionMask = 2147483647;
			files = (
			);
			inputFileListPaths = (
			);
			inputPaths = (
				"${PODS_PODFILE_DIR_PATH}/Podfile.lock",
				"${PODS_ROOT}/Manifest.lock",
			);
			name = "[CP] Check Pods Manifest.lock";
			outputFileListPaths = (
			);
			outputPaths = (
				"$(DERIVED_FILE_DIR)/Pods-aisle-assignment-checkManifestLockResult.txt",
			);
			runOnlyForDeploymentPostprocessing = 0;
			shellPath = /bin/sh;
			shellScript = "diff \"${PODS_PODFILE_DIR_PATH}/Podfile.lock\" \"${PODS_ROOT}/Manifest.lock\" > /dev/null\nif [ $? != 0 ] ; then\n    # print error to STDERR\n    echo \"error: The sandbox is not in sync with the Podfile.lock. Run 'pod install' or update your CocoaPods installation.\" >&2\n    exit 1\nfi\n# This output is used by Xcode 'outputs' to avoid re-running this script phase.\necho \"SUCCESS\" > \"${SCRIPT_OUTPUT_FILE_0}\"\n";
			showEnvVarsInLog = 0;
		};
		08AEC89797BFE5FB4F906CEA /* [CP] Embed Pods Frameworks */ = {
			isa = PBXShellScriptBuildPhase;
			buildActionMask = 2147483647;
			files = (
			);
			inputFileListPaths = (
				"${PODS_ROOT}/Target Support Files/Pods-aisle-assignment/Pods-aisle-assignment-frameworks-${CONFIGURATION}-input-files.xcfilelist",
			);
			name = "[CP] Embed Pods Frameworks";
			outputFileListPaths = (
				"${PODS_ROOT}/Target Support Files/Pods-aisle-assignment/Pods-aisle-assignment-frameworks-${CONFIGURATION}-output-files.xcfilelist",
			);
			runOnlyForDeploymentPostprocessing = 0;
			shellPath = /bin/sh;
			shellScript = "\"${PODS_ROOT}/Target Support Files/Pods-aisle-assignment/Pods-aisle-assignment-frameworks.sh\"\n";
			showEnvVarsInLog = 0;
		};
/* End PBXShellScriptBuildPhase section */

/* Begin PBXSourcesBuildPhase section */
		09A02D0628759A6400B980BD /* Sources */ = {
			isa = PBXSourcesBuildPhase;
			buildActionMask = 2147483647;
			files = (
				09A02D3A2875A5EF00B980BD /* auth_viewmodel.swift in Sources */,
				09A02D3C2875A73E00B980BD /* auth.swift in Sources */,
				09A02D1028759A6400B980BD /* ContentView.swift in Sources */,
				0939FF932876E40700F04054 /* home.swift in Sources */,
				09A02D3028759D0B00B980BD /* tab_pages.swift in Sources */,
				09A02D2328759B7E00B980BD /* ApiManager.swift in Sources */,
				09A02D2E28759C8400B980BD /* notes_screen.swift in Sources */,
				09A02D3628759DC000B980BD /* tab_bar.swift in Sources */,
				09A02D0E28759A6400B980BD /* aisle_assignmentApp.swift in Sources */,
				09A02D2C28759C2300B980BD /* otp_screen.swift in Sources */,
				09A02D2A28759C0000B980BD /* phone_number.swift in Sources */,
				09A02D382875A18A00B980BD /* WebService.swift in Sources */,
				09A02D3228759D2400B980BD /* Extension.swift in Sources */,
			);
			runOnlyForDeploymentPostprocessing = 0;
		};
/* End PBXSourcesBuildPhase section */

/* Begin XCBuildConfiguration section */
		09A02D1628759A6700B980BD /* Debug */ = {
			isa = XCBuildConfiguration;
			buildSettings = {
				ALWAYS_SEARCH_USER_PATHS = NO;
				CLANG_ANALYZER_NONNULL = YES;
				CLANG_ANALYZER_NUMBER_OBJECT_CONVERSION = YES_AGGRESSIVE;
				CLANG_CXX_LANGUAGE_STANDARD = "gnu++17";
				CLANG_ENABLE_MODULES = YES;
				CLANG_ENABLE_OBJC_ARC = YES;
				CLANG_ENABLE_OBJC_WEAK = YES;
				CLANG_WARN_BLOCK_CAPTURE_AUTORELEASING = YES;
				CLANG_WARN_BOOL_CONVERSION = YES;
				CLANG_WARN_COMMA = YES;
				CLANG_WARN_CONSTANT_CONVERSION = YES;
				CLANG_WARN_DEPRECATED_OBJC_IMPLEMENTATIONS = YES;
				CLANG_WARN_DIRECT_OBJC_ISA_USAGE = YES_ERROR;
				CLANG_WARN_DOCUMENTATION_COMMENTS = YES;
				CLANG_WARN_EMPTY_BODY = YES;
				CLANG_WARN_ENUM_CONVERSION = YES;
				CLANG_WARN_INFINITE_RECURSION = YES;
				CLANG_WARN_INT_CONVERSION = YES;
				CLANG_WARN_NON_LITERAL_NULL_CONVERSION = YES;
				CLANG_WARN_OBJC_IMPLICIT_RETAIN_SELF = YES;
				CLANG_WARN_OBJC_LITERAL_CONVERSION = YES;
				CLANG_WARN_OBJC_ROOT_CLASS = YES_ERROR;
				CLANG_WARN_QUOTED_INCLUDE_IN_FRAMEWORK_HEADER = YES;
				CLANG_WARN_RANGE_LOOP_ANALYSIS = YES;
				CLANG_WARN_STRICT_PROTOTYPES = YES;
				CLANG_WARN_SUSPICIOUS_MOVE = YES;
				CLANG_WARN_UNGUARDED_AVAILABILITY = YES_AGGRESSIVE;
				CLANG_WARN_UNREACHABLE_CODE = YES;
				CLANG_WARN__DUPLICATE_METHOD_MATCH = YES;
				COPY_PHASE_STRIP = NO;
				DEBUG_INFORMATION_FORMAT = dwarf;
				ENABLE_STRICT_OBJC_MSGSEND = YES;
				ENABLE_TESTABILITY = YES;
				GCC_C_LANGUAGE_STANDARD = gnu11;
				GCC_DYNAMIC_NO_PIC = NO;
				GCC_NO_COMMON_BLOCKS = YES;
				GCC_OPTIMIZATION_LEVEL = 0;
				GCC_PREPROCESSOR_DEFINITIONS = (
					"DEBUG=1",
					"$(inherited)",
				);
				GCC_WARN_64_TO_32_BIT_CONVERSION = YES;
				GCC_WARN_ABOUT_RETURN_TYPE = YES_ERROR;
				GCC_WARN_UNDECLARED_SELECTOR = YES;
				GCC_WARN_UNINITIALIZED_AUTOS = YES_AGGRESSIVE;
				GCC_WARN_UNUSED_FUNCTION = YES;
				GCC_WARN_UNUSED_VARIABLE = YES;
				IPHONEOS_DEPLOYMENT_TARGET = 15.5;
				MTL_ENABLE_DEBUG_INFO = INCLUDE_SOURCE;
				MTL_FAST_MATH = YES;
				ONLY_ACTIVE_ARCH = YES;
				SDKROOT = iphoneos;
				SWIFT_ACTIVE_COMPILATION_CONDITIONS = DEBUG;
				SWIFT_OPTIMIZATION_LEVEL = "-Onone";
			};
			name = Debug;
		};
		09A02D1728759A6700B980BD /* Release */ = {
			isa = XCBuildConfiguration;
			buildSettings = {
				ALWAYS_SEARCH_USER_PATHS = NO;
				CLANG_ANALYZER_NONNULL = YES;
				CLANG_ANALYZER_NUMBER_OBJECT_CONVERSION = YES_AGGRESSIVE;
				CLANG_CXX_LANGUAGE_STANDARD = "gnu++17";
				CLANG_ENABLE_MODULES = YES;
				CLANG_ENABLE_OBJC_ARC = YES;
				CLANG_ENABLE_OBJC_WEAK = YES;
				CLANG_WARN_BLOCK_CAPTURE_AUTORELEASING = YES;
				CLANG_WARN_BOOL_CONVERSION = YES;
				CLANG_WARN_COMMA = YES;
				CLANG_WARN_CONSTANT_CONVERSION = YES;
				CLANG_WARN_DEPRECATED_OBJC_IMPLEMENTATIONS = YES;
				CLANG_WARN_DIRECT_OBJC_ISA_USAGE = YES_ERROR;
				CLANG_WARN_DOCUMENTATION_COMMENTS = YES;
				CLANG_WARN_EMPTY_BODY = YES;
				CLANG_WARN_ENUM_CONVERSION = YES;
				CLANG_WARN_INFINITE_RECURSION = YES;
				CLANG_WARN_INT_CONVERSION = YES;
				CLANG_WARN_NON_LITERAL_NULL_CONVERSION = YES;
				CLANG_WARN_OBJC_IMPLICIT_RETAIN_SELF = YES;
				CLANG_WARN_OBJC_LITERAL_CONVERSION = YES;
				CLANG_WARN_OBJC_ROOT_CLASS = YES_ERROR;
				CLANG_WARN_QUOTED_INCLUDE_IN_FRAMEWORK_HEADER = YES;
				CLANG_WARN_RANGE_LOOP_ANALYSIS = YES;
				CLANG_WARN_STRICT_PROTOTYPES = YES;
				CLANG_WARN_SUSPICIOUS_MOVE = YES;
				CLANG_WARN_UNGUARDED_AVAILABILITY = YES_AGGRESSIVE;
				CLANG_WARN_UNREACHABLE_CODE = YES;
				CLANG_WARN__DUPLICATE_METHOD_MATCH = YES;
				COPY_PHASE_STRIP = NO;
				DEBUG_INFORMATION_FORMAT = "dwarf-with-dsym";
				ENABLE_NS_ASSERTIONS = NO;
				ENABLE_STRICT_OBJC_MSGSEND = YES;
				GCC_C_LANGUAGE_STANDARD = gnu11;
				GCC_NO_COMMON_BLOCKS = YES;
				GCC_WARN_64_TO_32_BIT_CONVERSION = YES;
				GCC_WARN_ABOUT_RETURN_TYPE = YES_ERROR;
				GCC_WARN_UNDECLARED_SELECTOR = YES;
				GCC_WARN_UNINITIALIZED_AUTOS = YES_AGGRESSIVE;
				GCC_WARN_UNUSED_FUNCTION = YES;
				GCC_WARN_UNUSED_VARIABLE = YES;
				IPHONEOS_DEPLOYMENT_TARGET = 15.5;
				MTL_ENABLE_DEBUG_INFO = NO;
				MTL_FAST_MATH = YES;
				SDKROOT = iphoneos;
				SWIFT_COMPILATION_MODE = wholemodule;
				SWIFT_OPTIMIZATION_LEVEL = "-O";
				VALIDATE_PRODUCT = YES;
			};
			name = Release;
		};
		09A02D1928759A6700B980BD /* Debug */ = {
			isa = XCBuildConfiguration;
			baseConfigurationReference = 3DA2044695CA4552527E72A9 /* Pods-aisle-assignment.debug.xcconfig */;
			buildSettings = {
				ASSETCATALOG_COMPILER_APPICON_NAME = AppIcon;
				ASSETCATALOG_COMPILER_GLOBAL_ACCENT_COLOR_NAME = AccentColor;
				CODE_SIGN_STYLE = Automatic;
				CURRENT_PROJECT_VERSION = 1;
				DEVELOPMENT_ASSET_PATHS = "\"aisle-assignment/Preview Content\"";
				DEVELOPMENT_TEAM = 72YBCB958A;
				ENABLE_PREVIEWS = YES;
				GENERATE_INFOPLIST_FILE = YES;
				INFOPLIST_KEY_UIApplicationSceneManifest_Generation = YES;
				INFOPLIST_KEY_UIApplicationSupportsIndirectInputEvents = YES;
				INFOPLIST_KEY_UILaunchScreen_Generation = YES;
				INFOPLIST_KEY_UISupportedInterfaceOrientations_iPad = "UIInterfaceOrientationPortrait UIInterfaceOrientationPortraitUpsideDown UIInterfaceOrientationLandscapeLeft UIInterfaceOrientationLandscapeRight";
				INFOPLIST_KEY_UISupportedInterfaceOrientations_iPhone = "UIInterfaceOrientationPortrait UIInterfaceOrientationLandscapeLeft UIInterfaceOrientationLandscapeRight";
				LD_RUNPATH_SEARCH_PATHS = (
					"$(inherited)",
					"@executable_path/Frameworks",
				);
				MARKETING_VERSION = 1.0;
				PRODUCT_BUNDLE_IDENTIFIER = "co.AviralSingh.aisle-assignment";
				PRODUCT_NAME = "$(TARGET_NAME)";
				SWIFT_EMIT_LOC_STRINGS = YES;
				SWIFT_VERSION = 5.0;
				TARGETED_DEVICE_FAMILY = "1,2";
			};
			name = Debug;
		};
		09A02D1A28759A6700B980BD /* Release */ = {
			isa = XCBuildConfiguration;
			baseConfigurationReference = 265970B73EB02B7AD32DD958 /* Pods-aisle-assignment.release.xcconfig */;
			buildSettings = {
				ASSETCATALOG_COMPILER_APPICON_NAME = AppIcon;
				ASSETCATALOG_COMPILER_GLOBAL_ACCENT_COLOR_NAME = AccentColor;
				CODE_SIGN_STYLE = Automatic;
				CURRENT_PROJECT_VERSION = 1;
				DEVELOPMENT_ASSET_PATHS = "\"aisle-assignment/Preview Content\"";
				DEVELOPMENT_TEAM = 72YBCB958A;
				ENABLE_PREVIEWS = YES;
				GENERATE_INFOPLIST_FILE = YES;
				INFOPLIST_KEY_UIApplicationSceneManifest_Generation = YES;
				INFOPLIST_KEY_UIApplicationSupportsIndirectInputEvents = YES;
				INFOPLIST_KEY_UILaunchScreen_Generation = YES;
				INFOPLIST_KEY_UISupportedInterfaceOrientations_iPad = "UIInterfaceOrientationPortrait UIInterfaceOrientationPortraitUpsideDown UIInterfaceOrientationLandscapeLeft UIInterfaceOrientationLandscapeRight";
				INFOPLIST_KEY_UISupportedInterfaceOrientations_iPhone = "UIInterfaceOrientationPortrait UIInterfaceOrientationLandscapeLeft UIInterfaceOrientationLandscapeRight";
				LD_RUNPATH_SEARCH_PATHS = (
					"$(inherited)",
					"@executable_path/Frameworks",
				);
				MARKETING_VERSION = 1.0;
				PRODUCT_BUNDLE_IDENTIFIER = "co.AviralSingh.aisle-assignment";
				PRODUCT_NAME = "$(TARGET_NAME)";
				SWIFT_EMIT_LOC_STRINGS = YES;
				SWIFT_VERSION = 5.0;
				TARGETED_DEVICE_FAMILY = "1,2";
			};
			name = Release;
		};
/* End XCBuildConfiguration section */

/* Begin XCConfigurationList section */
		09A02D0528759A6400B980BD /* Build configuration list for PBXProject "aisle-assignment" */ = {
			isa = XCConfigurationList;
			buildConfigurations = (
				09A02D1628759A6700B980BD /* Debug */,
				09A02D1728759A6700B980BD /* Release */,
			);
			defaultConfigurationIsVisible = 0;
			defaultConfigurationName = Release;
		};
		09A02D1828759A6700B980BD /* Build configuration list for PBXNativeTarget "aisle-assignment" */ = {
			isa = XCConfigurationList;
			buildConfigurations = (
				09A02D1928759A6700B980BD /* Debug */,
				09A02D1A28759A6700B980BD /* Release */,
			);
			defaultConfigurationIsVisible = 0;
			defaultConfigurationName = Release;
		};
/* End XCConfigurationList section */
	};
	rootObject = 09A02D0228759A6400B980BD /* Project object */;
}
